{
    "doctrine/inflector": {
        "version": "1.3.1"
    },
    "easycorp/easy-log-handler": {
        "version": "1.0",
        "recipe": {
            "repo": "github.com/symfony/recipes",
            "branch": "master",
            "version": "1.0",
            "ref": "70062abc2cd58794d2a90274502f81b55cd9951b"
        },
        "files": [
            "config/packages/dev/easy_log_handler.yaml"
        ]
    },
    "nikic/php-parser": {
        "version": "v4.3.0"
    },
    "php": {
        "version": "7.3"
    },
    "symfony/browser-kit": {
        "version": "v4.3.9"
    },
    "symfony/css-selector": {
        "version": "v4.3.9"
    },
    "symfony/debug-bundle": {
        "version": "4.1",
        "recipe": {
            "repo": "github.com/symfony/recipes",
            "branch": "master",
            "version": "4.1",
            "ref": "f8863cbad2f2e58c4b65fa1eac892ab189971bea"
        },
        "files": [
            "config/packages/dev/debug.yaml"
        ]
    },
    "symfony/debug-pack": {
        "version": "v1.0.7"
    },
    "symfony/dom-crawler": {
        "version": "v4.3.9"
    },
    "symfony/maker-bundle": {
        "version": "1.0",
        "recipe": {
            "repo": "github.com/symfony/recipes",
            "branch": "master",
            "version": "1.0",
            "ref": "fadbfe33303a76e25cb63401050439aa9b1a9c7f"
        }
    },
    "symfony/phpunit-bridge": {
        "version": "4.3",
        "recipe": {
            "repo": "github.com/symfony/recipes",
            "branch": "master",
            "version": "4.3",
            "ref": "170be6250b77b421f02e986e2853df86c7bd6516"
        },
        "files": [
            ".env.test",
            "bin/phpunit",
            "config/bootstrap.php",
            "phpunit.xml.dist",
            "tests/.gitignore"
        ]
    },
    "symfony/profiler-pack": {
        "version": "v1.0.4"
    },
    "symfony/stopwatch": {
        "version": "v4.3.9"
    },
    "symfony/test-pack": {
        "version": "v1.0.6"
    },
    "symfony/web-profiler-bundle": {
        "version": "3.3",
        "recipe": {
            "repo": "github.com/symfony/recipes",
            "branch": "master",
            "version": "3.3",
            "ref": "6bdfa1a95f6b2e677ab985cd1af2eae35d62e0f6"
        },
        "files": [
            "config/packages/dev/web_profiler.yaml",
            "config/packages/test/web_profiler.yaml",
            "config/routes/dev/web_profiler.yaml"
        ]
    },
    "twbs/bootstrap": {
        "version": "v4.3.1"
    }
}
